
Microsoft Visual Studio Solution File, Format Version 12.00
# Visual Studio Version 16
VisualStudioVersion = 16.0.31515.178
MinimumVisualStudioVersion = 10.0.40219.1
Project("{FAE04EC0-301F-11D3-BF4B-00C04F79EFBC}") = "ClothingApi", "ClothingApi.csproj", "{1D6CD2E2-E1A7-40D3-9750-E1D446175E7A}"
EndProject
Global
	GlobalSection(SolutionConfigurationPlatforms) = preSolution
		Debug|Any CPU = Debug|Any CPU
		Release|Any CPU = Release|Any CPU
	EndGlobalSection
	GlobalSection(ProjectConfigurationPlatforms) = postSolution
		{1D6CD2E2-E1A7-40D3-9750-E1D446175E7A}.Debug|Any CPU.ActiveCfg = Debug|Any CPU
		{1D6CD2E2-E1A7-40D3-9750-E1D446175E7A}.Debug|Any CPU.Build.0 = Debug|Any CPU
		{1D6CD2E2-E1A7-40D3-9750-E1D446175E7A}.Release|Any CPU.ActiveCfg = Release|Any CPU
		{1D6CD2E2-E1A7-40D3-9750-E1D446175E7A}.Release|Any CPU.Build.0 = Release|Any CPU
	EndGlobalSection
	GlobalSection(SolutionProperties) = preSolution
		HideSolutionNode = FALSE
	EndGlobalSection
	GlobalSection(ExtensibilityGlobals) = postSolution
		SolutionGuid = {D926B065-E979-4A35-8B16-25BBE8A9B3BC}
	EndGlobalSection
EndGlobal
